{
  "version": "v1",
  "packages": {
    "@pollar/react": {
      "signature": "18bafd5b09934d45999e120df4cb782d",
      "file": true,
      "replaced": "0.10.0"
    },
    "@pollar/core": {
      "signature": "0fa8c1fe281d8903f54626596eb705a6",
      "file": true,
      "replaced": "0.10.0"
    },
    "@pollar/stellar-wallets-kit-adapter": {
      "signature": "cbc27fb1513ffcede4e89066a5d131be",
      "file": true,
      "replaced": "0.10.0"
    },
    "@pollar/privy-adapter": {
      "signature": "68f43a25e368844ae29384646bc6c96e",
      "file": true,
      "replaced": "0.10.0"
    },
    "@pollar/accesly-adapter": {
      "signature": "80f24b8f8ccf099fe5569c5da6d131e5",
      "file": true,
      "replaced": "0.10.0-rc.10"
    }
  }
}